
Microsoft Visual Studio Solution File, Format Version 12.00
# Visual Studio Express 15 for Windows Desktop
VisualStudioVersion = 15.0.28307.902
MinimumVisualStudioVersion = 10.0.40219.1
Project("{FAE04EC0-301F-11D3-BF4B-00C04F79EFBC}") = "Giraffe", "Giraffe\Giraffe.csproj", "{3731FDAD-0BCB-447C-986E-F3036CA797CB}"
EndProject
Global
	GlobalSection(SolutionConfigurationPlatforms) = preSolution
		Debug|Any CPU = Debug|Any CPU
		Release|Any CPU = Release|Any CPU
	EndGlobalSection
	GlobalSection(ProjectConfigurationPlatforms) = postSolution
		{3731FDAD-0BCB-447C-986E-F3036CA797CB}.Debug|Any CPU.ActiveCfg = Debug|Any CPU
		{3731FDAD-0BCB-447C-986E-F3036CA797CB}.Debug|Any CPU.Build.0 = Debug|Any CPU
		{3731FDAD-0BCB-447C-986E-F3036CA797CB}.Release|Any CPU.ActiveCfg = Release|Any CPU
		{3731FDAD-0BCB-447C-986E-F3036CA797CB}.Release|Any CPU.Build.0 = Release|Any CPU
	EndGlobalSection
	GlobalSection(SolutionProperties) = preSolution
		HideSolutionNode = FALSE
	EndGlobalSection
	GlobalSection(ExtensibilityGlobals) = postSolution
		SolutionGuid = {24021805-BB39-495A-B97F-67F2C2ECDB46}
	EndGlobalSection
EndGlobal
